# This is a Gradle generated file for dependency locking.
# Manual edits can break the build and are not advised.
# This file is expected to be part of source control.
com.google.devtools.ksp:symbol-processing-aa-embeddable:2.3.10=kspToolingVerification
com.google.devtools.ksp:symbol-processing-api:2.3.10=kspToolingVerification
com.google.devtools.ksp:symbol-processing-common-deps:2.3.10=kspToolingVerification
org.jetbrains.kotlin:kotlin-stdlib:2.3.20=kspToolingVerification
org.jetbrains.kotlinx:kotlinx-coroutines-bom:1.10.2=kspToolingVerification
org.jetbrains.kotlinx:kotlinx-coroutines-core-jvm:1.10.2=kspToolingVerification
org.jetbrains:annotations:23.0.0=kspToolingVerification
empty=
